Microsoft Visual Studio Solution File, Format Version 12.00
# Visual Studio 15
VisualStudioVersion = 15.0.28307.489
MinimumVisualStudioVersion = 10.0.40219.1
Project("{9A19103F-16F7-4668-BE54-9A1E7A4F7556}") = "AspNetCoreWebDemo", "AspNetCoreWebDemo\AspNetCoreWebDemo.csproj", "{20EBE40B-3410-4788-94EA-7FF315039548}"
EndProject
Project("{9A19103F-16F7-4668-BE54-9A1E7A4F7556}") = "AspNetCoreWebDemo_MVC", "AspNetCoreWebDemo_MVC\AspNetCoreWebDemo_MVC.csproj", "{0F3CC8D8-7F26-45A5-8588-6ABB7A6E84A8}"
EndProject
Project("{2150E333-8FDC-42A3-9474-1A3956D46DE8}") = "Part 1", "Part 1", "{04172C97-70DE-4B2A-B399-D8AB95F3EAC2}"
EndProject
Project("{2150E333-8FDC-42A3-9474-1A3956D46DE8}") = "Part 2", "Part 2", "{D19B3A2F-9D18-419E-9323-14439110E22B}"
EndProject
Global
	GlobalSection(SolutionConfigurationPlatforms) = preSolution
		Debug|Any CPU = Debug|Any CPU
		Release|Any CPU = Release|Any CPU
	EndGlobalSection
	GlobalSection(ProjectConfigurationPlatforms) = postSolution
		{20EBE40B-3410-4788-94EA-7FF315039548}.Debug|Any CPU.ActiveCfg = Debug|Any CPU
		{20EBE40B-3410-4788-94EA-7FF315039548}.Debug|Any CPU.Build.0 = Debug|Any CPU
		{20EBE40B-3410-4788-94EA-7FF315039548}.Release|Any CPU.ActiveCfg = Release|Any CPU
		{20EBE40B-3410-4788-94EA-7FF315039548}.Release|Any CPU.Build.0 = Release|Any CPU
		{0F3CC8D8-7F26-45A5-8588-6ABB7A6E84A8}.Debug|Any CPU.ActiveCfg = Debug|Any CPU
		{0F3CC8D8-7F26-45A5-8588-6ABB7A6E84A8}.Debug|Any CPU.Build.0 = Debug|Any CPU
		{0F3CC8D8-7F26-45A5-8588-6ABB7A6E84A8}.Release|Any CPU.ActiveCfg = Release|Any CPU
		{0F3CC8D8-7F26-45A5-8588-6ABB7A6E84A8}.Release|Any CPU.Build.0 = Release|Any CPU
	EndGlobalSection
	GlobalSection(SolutionProperties) = preSolution
		HideSolutionNode = FALSE
	EndGlobalSection
	GlobalSection(NestedProjects) = preSolution
		{20EBE40B-3410-4788-94EA-7FF315039548} = {04172C97-70DE-4B2A-B399-D8AB95F3EAC2}
		{0F3CC8D8-7F26-45A5-8588-6ABB7A6E84A8} = {D19B3A2F-9D18-419E-9323-14439110E22B}
	EndGlobalSection
	GlobalSection(ExtensibilityGlobals) = postSolution
		SolutionGuid = {42E68176-DE9C-4471-B5F5-66C5A0F1CFF1}
	EndGlobalSection
EndGlobal
